// !$*UTF8*$!
{
	archiveVersion = 1;
	classes = {
	};
	objectVersion = 46;
	objects = {

/* Begin PBXBuildFile section */
		4914D4A41A9881620080CB54 /* Animal.m in Sources */ = {isa = PBXBuildFile; fileRef = 4914D4A31A9881620080CB54 /* Animal.m */; };
		499A8ACE1A987AF700311953 /* main.m in Sources */ = {isa = PBXBuildFile; fileRef = 499A8ACD1A987AF700311953 /* main.m */; };
		499A8AD11A987AF700311953 /* AppDelegate.m in Sources */ = {isa = PBXBuildFile; fileRef = 499A8AD01A987AF700311953 /* AppDelegate.m */; };
		499A8AD41A987AF700311953 /* ViewController.m in Sources */ = {isa = PBXBuildFile; fileRef = 499A8AD31A987AF700311953 /* ViewController.m */; };
		499A8AD71A987AF700311953 /* Main.storyboard in Resources */ = {isa = PBXBuildFile; fileRef = 499A8AD51A987AF700311953 /* Main.storyboard */; };
		499A8AD91A987AF700311953 /* Images.xcassets in Resources */ = {isa = PBXBuildFile; fileRef = 499A8AD81A987AF700311953 /* Images.xcassets */; };
		499A8ADC1A987AF700311953 /* LaunchScreen.xib in Resources */ = {isa = PBXBuildFile; fileRef = 499A8ADA1A987AF700311953 /* LaunchScreen.xib */; };
		499A8AE81A987AF700311953 /* Module1Tests.m in Sources */ = {isa = PBXBuildFile; fileRef = 499A8AE71A987AF700311953 /* Module1Tests.m */; };
/* End PBXBuildFile section */

/* Begin PBXContainerItemProxy section */
		499A8AE21A987AF700311953 /* PBXContainerItemProxy */ = {
			isa = PBXContainerItemProxy;
			containerPortal = 499A8AC01A987AF700311953 /* Project object */;
			proxyType = 1;
			remoteGlobalIDString = 499A8AC71A987AF700311953;
			remoteInfo = Module1;
		};
/* End PBXContainerItemProxy section */

/* Begin PBXFileReference section */
		4914D4A21A9881620080CB54 /* Animal.h */ = {isa = PBXFileReference; fileEncoding = 4; lastKnownFileType = sourcecode.c.h; path = Animal.h; sourceTree = "<group>"; };
		4914D4A31A9881620080CB54 /* Animal.m */ = {isa = PBXFileReference; fileEncoding = 4; lastKnownFileType = sourcecode.c.objc; path = Animal.m; sourceTree = "<group>"; };
		499A8AC81A987AF700311953 /* Module1.app */ = {isa = PBXFileReference; explicitFileType = wrapper.application; includeInIndex = 0; path = Module1.app; sourceTree = BUILT_PRODUCTS_DIR; };
		499A8ACC1A987AF700311953 /* Info.plist */ = {isa = PBXFileReference; lastKnownFileType = text.plist.xml; path = Info.plist; sourceTree = "<group>"; };
		499A8ACD1A987AF700311953 /* main.m */ = {isa = PBXFileReference; lastKnownFileType = sourcecode.c.objc; path = main.m; sourceTree = "<group>"; };
		499A8ACF1A987AF700311953 /* AppDelegate.h */ = {isa = PBXFileReference; lastKnownFileType = sourcecode.c.h; path = AppDelegate.h; sourceTree = "<group>"; };
		499A8AD01A987AF700311953 /* AppDelegate.m */ = {isa = PBXFileReference; lastKnownFileType = sourcecode.c.objc; path = AppDelegate.m; sourceTree = "<group>"; };
		499A8AD21A987AF700311953 /* ViewController.h */ = {isa = PBXFileReference; lastKnownFileType = sourcecode.c.h; path = ViewController.h; sourceTree = "<group>"; };
		499A8AD31A987AF700311953 /* ViewController.m */ = {isa = PBXFileReference; lastKnownFileType = sourcecode.c.objc; path = ViewController.m; sourceTree = "<group>"; };
		499A8AD61A987AF700311953 /* Base */ = {isa = PBXFileReference; lastKnownFileType = file.storyboard; name = Base; path = Base.lproj/Main.storyboard; sourceTree = "<group>"; };
		499A8AD81A987AF700311953 /* Images.xcassets */ = {isa = PBXFileReference; lastKnownFileType = folder.assetcatalog; path = Images.xcassets; sourceTree = "<group>"; };
		499A8ADB1A987AF700311953 /* Base */ = {isa = PBXFileReference; lastKnownFileType = file.xib; name = Base; path = Base.lproj/LaunchScreen.xib; sourceTree = "<group>"; };
		499A8AE11A987AF700311953 /* Module1Tests.xctest */ = {isa = PBXFileReference; explicitFileType = wrapper.cfbundle; includeInIndex = 0; path = Module1Tests.xctest; sourceTree = BUILT_PRODUCTS_DIR; };
		499A8AE61A987AF700311953 /* Info.plist */ = {isa = PBXFileReference; lastKnownFileType = text.plist.xml; path = Info.plist; sourceTree = "<group>"; };
		499A8AE71A987AF700311953 /* Module1Tests.m */ = {isa = PBXFileReference; lastKnownFileType = sourcecode.c.objc; path = Module1Tests.m; sourceTree = "<group>"; };
/* End PBXFileReference section */

/* Begin PBXFrameworksBuildPhase section */
		499A8AC51A987AF700311953 /* Frameworks */ = {
			isa = PBXFrameworksBuildPhase;
			buildActionMask = 2147483647;
			files = (
			);
			runOnlyForDeploymentPostprocessing = 0;
		};
		499A8ADE1A987AF700311953 /* Frameworks */ = {
			isa = PBXFrameworksBuildPhase;
			buildActionMask = 2147483647;
			files = (
			);
			runOnlyForDeploymentPostprocessing = 0;
		};
/* End PBXFrameworksBuildPhase section */

/* Begin PBXGroup section */
		499A8ABF1A987AF700311953 = {
			isa = PBXGroup;
			children = (
				499A8ACA1A987AF700311953 /* Module1 */,
				499A8AE41A987AF700311953 /* Module1Tests */,
				499A8AC91A987AF700311953 /* Products */,
			);
			sourceTree = "<group>";
		};
		499A8AC91A987AF700311953 /* Products */ = {
			isa = PBXGroup;
			children = (
				499A8AC81A987AF700311953 /* Module1.app */,
				499A8AE11A987AF700311953 /* Module1Tests.xctest */,
			);
			name = Products;
			sourceTree = "<group>";
		};
		499A8ACA1A987AF700311953 /* Module1 */ = {
			isa = PBXGroup;
			children = (
				499A8ACF1A987AF700311953 /* AppDelegate.h */,
				499A8AD01A987AF700311953 /* AppDelegate.m */,
				499A8AD21A987AF700311953 /* ViewController.h */,
				499A8AD31A987AF700311953 /* ViewController.m */,
				499A8AD51A987AF700311953 /* Main.storyboard */,
				499A8AD81A987AF700311953 /* Images.xcassets */,
				499A8ADA1A987AF700311953 /* LaunchScreen.xib */,
				499A8ACB1A987AF700311953 /* Supporting Files */,
				4914D4A21A9881620080CB54 /* Animal.h */,
				4914D4A31A9881620080CB54 /* Animal.m */,
			);
			path = Module1;
			sourceTree = "<group>";
		};
		499A8ACB1A987AF700311953 /* Supporting Files */ = {
			isa = PBXGroup;
			children = (
				499A8ACC1A987AF700311953 /* Info.plist */,
				499A8ACD1A987AF700311953 /* main.m */,
			);
			name = "Supporting Files";
			sourceTree = "<group>";
		};
		499A8AE41A987AF700311953 /* Module1Tests */ = {
			isa = PBXGroup;
			children = (
				499A8AE71A987AF700311953 /* Module1Tests.m */,
				499A8AE51A987AF700311953 /* Supporting Files */,
			);
			path = Module1Tests;
			sourceTree = "<group>";
		};
		499A8AE51A987AF700311953 /* Supporting Files */ = {
			isa = PBXGroup;
			children = (
				499A8AE61A987AF700311953 /* Info.plist */,
			);
			name = "Supporting Files";
			sourceTree = "<group>";
		};
/* End PBXGroup section */

/* Begin PBXNativeTarget section */
		499A8AC71A987AF700311953 /* Module1 */ = {
			isa = PBXNativeTarget;
			buildConfigurationList = 499A8AEB1A987AF700311953 /* Build configuration list for PBXNativeTarget "Module1" */;
			buildPhases = (
				499A8AC41A987AF700311953 /* Sources */,
				499A8AC51A987AF700311953 /* Frameworks */,
				499A8AC61A987AF700311953 /* Resources */,
			);
			buildRules = (
			);
			dependencies = (
			);
			name = Module1;
			productName = Module1;
			productReference = 499A8AC81A987AF700311953 /* Module1.app */;
			productType = "com.apple.product-type.application";
		};
		499A8AE01A987AF700311953 /* Module1Tests */ = {
			isa = PBXNativeTarget;
			buildConfigurationList = 499A8AEE1A987AF700311953 /* Build configuration list for PBXNativeTarget "Module1Tests" */;
			buildPhases = (
				499A8ADD1A987AF700311953 /* Sources */,
				499A8ADE1A987AF700311953 /* Frameworks */,
				499A8ADF1A987AF700311953 /* Resources */,
			);
			buildRules = (
			);
			dependencies = (
				499A8AE31A987AF700311953 /* PBXTargetDependency */,
			);
			name = Module1Tests;
			productName = Module1Tests;
			productReference = 499A8AE11A987AF700311953 /* Module1Tests.xctest */;
			productType = "com.apple.product-type.bundle.unit-test";
		};
/* End PBXNativeTarget section */

/* Begin PBXProject section */
		499A8AC01A987AF700311953 /* Project object */ = {
			isa = PBXProject;
			attributes = {
				LastUpgradeCheck = 0610;
				ORGANIZATIONNAME = sergio;
				TargetAttributes = {
					499A8AC71A987AF700311953 = {
						CreatedOnToolsVersion = 6.1.1;
					};
					499A8AE01A987AF700311953 = {
						CreatedOnToolsVersion = 6.1.1;
						TestTargetID = 499A8AC71A987AF700311953;
					};
				};
			};
			buildConfigurationList = 499A8AC31A987AF700311953 /* Build configuration list for PBXProject "Module1" */;
			compatibilityVersion = "Xcode 3.2";
			developmentRegion = English;
			hasScannedForEncodings = 0;
			knownRegions = (
				en,
				Base,
			);
			mainGroup = 499A8ABF1A987AF700311953;
			productRefGroup = 499A8AC91A987AF700311953 /* Products */;
			projectDirPath = "";
			projectRoot = "";
			targets = (
				499A8AC71A987AF700311953 /* Module1 */,
				499A8AE01A987AF700311953 /* Module1Tests */,
			);
		};
/* End PBXProject section */

/* Begin PBXResourcesBuildPhase section */
		499A8AC61A987AF700311953 /* Resources */ = {
			isa = PBXResourcesBuildPhase;
			buildActionMask = 2147483647;
			files = (
				499A8AD71A987AF700311953 /* Main.storyboard in Resources */,
				499A8ADC1A987AF700311953 /* LaunchScreen.xib in Resources */,
				499A8AD91A987AF700311953 /* Images.xcassets in Resources */,
			);
			runOnlyForDeploymentPostprocessing = 0;
		};
		499A8ADF1A987AF700311953 /* Resources */ = {
			isa = PBXResourcesBuildPhase;
			buildActionMask = 2147483647;
			files = (
			);
			runOnlyForDeploymentPostprocessing = 0;
		};
/* End PBXResourcesBuildPhase section */

/* Begin PBXSourcesBuildPhase section */
		499A8AC41A987AF700311953 /* Sources */ = {
			isa = PBXSourcesBuildPhase;
			buildActionMask = 2147483647;
			files = (
				499A8AD41A987AF700311953 /* ViewController.m in Sources */,
				4914D4A41A9881620080CB54 /* Animal.m in Sources */,
				499A8AD11A987AF700311953 /* AppDelegate.m in Sources */,
				499A8ACE1A987AF700311953 /* main.m in Sources */,
			);
			runOnlyForDeploymentPostprocessing = 0;
		};
		499A8ADD1A987AF700311953 /* Sources */ = {
			isa = PBXSourcesBuildPhase;
			buildActionMask = 2147483647;
			files = (
				499A8AE81A987AF700311953 /* Module1Tests.m in Sources */,
			);
			runOnlyForDeploymentPostprocessing = 0;
		};
/* End PBXSourcesBuildPhase section */

/* Begin PBXTargetDependency section */
		499A8AE31A987AF700311953 /* PBXTargetDependency */ = {
			isa = PBXTargetDependency;
			target = 499A8AC71A987AF700311953 /* Module1 */;
			targetProxy = 499A8AE21A987AF700311953 /* PBXContainerItemProxy */;
		};
/* End PBXTargetDependency section */

/* Begin PBXVariantGroup section */
		499A8AD51A987AF700311953 /* Main.storyboard */ = {
			isa = PBXVariantGroup;
			children = (
				499A8AD61A987AF700311953 /* Base */,
			);
			name = Main.storyboard;
			sourceTree = "<group>";
		};
		499A8ADA1A987AF700311953 /* LaunchScreen.xib */ = {
			isa = PBXVariantGroup;
			children = (
				499A8ADB1A987AF700311953 /* Base */,
			);
			name = LaunchScreen.xib;
			sourceTree = "<group>";
		};
/* End PBXVariantGroup section */

/* Begin XCBuildConfiguration section */
		499A8AE91A987AF700311953 /* Debug */ = {
			isa = XCBuildConfiguration;
			buildSettings = {
				ALWAYS_SEARCH_USER_PATHS = NO;
				CLANG_CXX_LANGUAGE_STANDARD = "gnu++0x";
				CLANG_CXX_LIBRARY = "libc++";
				CLANG_ENABLE_MODULES = YES;
				CLANG_ENABLE_OBJC_ARC = YES;
				CLANG_WARN_BOOL_CONVERSION = YES;
				CLANG_WARN_CONSTANT_CONVERSION = YES;
				CLANG_WARN_DIRECT_OBJC_ISA_USAGE = YES_ERROR;
				CLANG_WARN_EMPTY_BODY = YES;
				CLANG_WARN_ENUM_CONVERSION = YES;
				CLANG_WARN_INT_CONVERSION = YES;
				CLANG_WARN_OBJC_ROOT_CLASS = YES_ERROR;
				CLANG_WARN_UNREACHABLE_CODE = YES;
				CLANG_WARN__DUPLICATE_METHOD_MATCH = YES;
				"CODE_SIGN_IDENTITY[sdk=iphoneos*]" = "iPhone Developer";
				COPY_PHASE_STRIP = NO;
				ENABLE_STRICT_OBJC_MSGSEND = YES;
				GCC_C_LANGUAGE_STANDARD = gnu99;
				GCC_DYNAMIC_NO_PIC = NO;
				GCC_OPTIMIZATION_LEVEL = 0;
				GCC_PREPROCESSOR_DEFINITIONS = (
					"DEBUG=1",
					"$(inherited)",
				);
				GCC_SYMBOLS_PRIVATE_EXTERN = NO;
				GCC_WARN_64_TO_32_BIT_CONVERSION = YES;
				GCC_WARN_ABOUT_RETURN_TYPE = YES_ERROR;
				GCC_WARN_UNDECLARED_SELECTOR = YES;
				GCC_WARN_UNINITIALIZED_AUTOS = YES_AGGRESSIVE;
				GCC_WARN_UNUSED_FUNCTION = YES;
				GCC_WARN_UNUSED_VARIABLE = YES;
				IPHONEOS_DEPLOYMENT_TARGET = 8.1;
				MTL_ENABLE_DEBUG_INFO = YES;
				ONLY_ACTIVE_ARCH = YES;
				SDKROOT = iphoneos;
				TARGETED_DEVICE_FAMILY = "1,2";
			};
			name = Debug;
		};
		499A8AEA1A987AF700311953 /* Release */ = {
			isa = XCBuildConfiguration;
			buildSettings = {
				ALWAYS_SEARCH_USER_PATHS = NO;
				CLANG_CXX_LANGUAGE_STANDARD = "gnu++0x";
				CLANG_CXX_LIBRARY = "libc++";
				CLANG_ENABLE_MODULES = YES;
				CLANG_ENABLE_OBJC_ARC = YES;
				CLANG_WARN_BOOL_CONVERSION = YES;
				CLANG_WARN_CONSTANT_CONVERSION = YES;
				CLANG_WARN_DIRECT_OBJC_ISA_USAGE = YES_ERROR;
				CLANG_WARN_EMPTY_BODY = YES;
				CLANG_WARN_ENUM_CONVERSION = YES;
				CLANG_WARN_INT_CONVERSION = YES;
				CLANG_WARN_OBJC_ROOT_CLASS = YES_ERROR;
				CLANG_WARN_UNREACHABLE_CODE = YES;
				CLANG_WARN__DUPLICATE_METHOD_MATCH = YES;
				"CODE_SIGN_IDENTITY[sdk=iphoneos*]" = "iPhone Developer";
				COPY_PHASE_STRIP = YES;
				ENABLE_NS_ASSERTIONS = NO;
				ENABLE_STRICT_OBJC_MSGSEND = YES;
				GCC_C_LANGUAGE_STANDARD = gnu99;
				GCC_WARN_64_TO_32_BIT_CONVERSION = YES;
				GCC_WARN_ABOUT_RETURN_TYPE = YES_ERROR;
				GCC_WARN_UNDECLARED_SELECTOR = YES;
				GCC_WARN_UNINITIALIZED_AUTOS = YES_AGGRESSIVE;
				GCC_WARN_UNUSED_FUNCTION = YES;
				GCC_WARN_UNUSED_VARIABLE = YES;
				IPHONEOS_DEPLOYMENT_TARGET = 8.1;
				MTL_ENABLE_DEBUG_INFO = NO;
				SDKROOT = iphoneos;
				TARGETED_DEVICE_FAMILY = "1,2";
				VALIDATE_PRODUCT = YES;
			};
			name = Release;
		};
		499A8AEC1A987AF700311953 /* Debug */ = {
			isa = XCBuildConfiguration;
			buildSettings = {
				ASSETCATALOG_COMPILER_APPICON_NAME = AppIcon;
				INFOPLIST_FILE = Module1/Info.plist;
				LD_RUNPATH_SEARCH_PATHS = "$(inherited) @executable_path/Frameworks";
				PRODUCT_NAME = "$(TARGET_NAME)";
			};
			name = Debug;
		};
		499A8AED1A987AF700311953 /* Release */ = {
			isa = XCBuildConfiguration;
			buildSettings = {
				ASSETCATALOG_COMPILER_APPICON_NAME = AppIcon;
				INFOPLIST_FILE = Module1/Info.plist;
				LD_RUNPATH_SEARCH_PATHS = "$(inherited) @executable_path/Frameworks";
				PRODUCT_NAME = "$(TARGET_NAME)";
			};
			name = Release;
		};
		499A8AEF1A987AF700311953 /* Debug */ = {
			isa = XCBuildConfiguration;
			buildSettings = {
				BUNDLE_LOADER = "$(TEST_HOST)";
				FRAMEWORK_SEARCH_PATHS = (
					"$(SDKROOT)/Developer/Library/Frameworks",
					"$(inherited)",
				);
				GCC_PREPROCESSOR_DEFINITIONS = (
					"DEBUG=1",
					"$(inherited)",
				);
				INFOPLIST_FILE = Module1Tests/Info.plist;
				LD_RUNPATH_SEARCH_PATHS = "$(inherited) @executable_path/Frameworks @loader_path/Frameworks";
				PRODUCT_NAME = "$(TARGET_NAME)";
				TEST_HOST = "$(BUILT_PRODUCTS_DIR)/Module1.app/Module1";
			};
			name = Debug;
		};
		499A8AF01A987AF700311953 /* Release */ = {
			isa = XCBuildConfiguration;
			buildSettings = {
				BUNDLE_LOADER = "$(TEST_HOST)";
				FRAMEWORK_SEARCH_PATHS = (
					"$(SDKROOT)/Developer/Library/Frameworks",
					"$(inherited)",
				);
				INFOPLIST_FILE = Module1Tests/Info.plist;
				LD_RUNPATH_SEARCH_PATHS = "$(inherited) @executable_path/Frameworks @loader_path/Frameworks";
				PRODUCT_NAME = "$(TARGET_NAME)";
				TEST_HOST = "$(BUILT_PRODUCTS_DIR)/Module1.app/Module1";
			};
			name = Release;
		};
/* End XCBuildConfiguration section */

/* Begin XCConfigurationList section */
		499A8AC31A987AF700311953 /* Build configuration list for PBXProject "Module1" */ = {
			isa = XCConfigurationList;
			buildConfigurations = (
				499A8AE91A987AF700311953 /* Debug */,
				499A8AEA1A987AF700311953 /* Release */,
			);
			defaultConfigurationIsVisible = 0;
			defaultConfigurationName = Release;
		};
		499A8AEB1A987AF700311953 /* Build configuration list for PBXNativeTarget "Module1" */ = {
			isa = XCConfigurationList;
			buildConfigurations = (
				499A8AEC1A987AF700311953 /* Debug */,
				499A8AED1A987AF700311953 /* Release */,
			);
			defaultConfigurationIsVisible = 0;
			defaultConfigurationName = Release;
		};
		499A8AEE1A987AF700311953 /* Build configuration list for PBXNativeTarget "Module1Tests" */ = {
			isa = XCConfigurationList;
			buildConfigurations = (
				499A8AEF1A987AF700311953 /* Debug */,
				499A8AF01A987AF700311953 /* Release */,
			);
			defaultConfigurationIsVisible = 0;
			defaultConfigurationName = Release;
		};
/* End XCConfigurationList section */
	};
	rootObject = 499A8AC01A987AF700311953 /* Project object */;
}
